
Microsoft Visual Studio Solution File, Format Version 12.00
# Visual Studio Version 16
VisualStudioVersion = 16.0.29306.81
MinimumVisualStudioVersion = 10.0.40219.1
Project("{9A19103F-16F7-4668-BE54-9A1E7A4F7556}") = "Graphviz4Net.Core", "Graphviz4Net.Core\Graphviz4Net.Core.csproj", "{903CE537-66BF-4867-BE5C-DB8958F5E1B3}"
EndProject
Project("{9A19103F-16F7-4668-BE54-9A1E7A4F7556}") = "Graphviz4Net.WPF", "Graphviz4Net.WPF\Graphviz4Net.WPF.csproj", "{EE5D79D6-D196-4345-A271-DC2E79E26DDA}"
EndProject
Project("{9A19103F-16F7-4668-BE54-9A1E7A4F7556}") = "Graphviz4Net.WPF.Example", "Graphviz4Net.WPF.Example\Graphviz4Net.WPF.Example.csproj", "{F820EB5A-BBFD-46AD-9EEB-3DFE8D1D7BE7}"
EndProject
Project("{9A19103F-16F7-4668-BE54-9A1E7A4F7556}") = "Graphviz4Net.Tests", "Graphviz4Net.Tests\Graphviz4Net.Tests.csproj", "{B0B7E2D8-DB84-483D-ADED-1997D59A1B84}"
EndProject
Global
	GlobalSection(SolutionConfigurationPlatforms) = preSolution
		Debug|Any CPU = Debug|Any CPU
		Debug|Mixed Platforms = Debug|Mixed Platforms
		Debug|x86 = Debug|x86
		Release|Any CPU = Release|Any CPU
		Release|Mixed Platforms = Release|Mixed Platforms
		Release|x86 = Release|x86
	EndGlobalSection
	GlobalSection(ProjectConfigurationPlatforms) = postSolution
		{903CE537-66BF-4867-BE5C-DB8958F5E1B3}.Debug|Any CPU.ActiveCfg = Debug|Any CPU
		{903CE537-66BF-4867-BE5C-DB8958F5E1B3}.Debug|Any CPU.Build.0 = Debug|Any CPU
		{903CE537-66BF-4867-BE5C-DB8958F5E1B3}.Debug|Mixed Platforms.ActiveCfg = Debug|Any CPU
		{903CE537-66BF-4867-BE5C-DB8958F5E1B3}.Debug|Mixed Platforms.Build.0 = Debug|Any CPU
		{903CE537-66BF-4867-BE5C-DB8958F5E1B3}.Debug|x86.ActiveCfg = Debug|Any CPU
		{903CE537-66BF-4867-BE5C-DB8958F5E1B3}.Release|Any CPU.ActiveCfg = Release|Any CPU
		{903CE537-66BF-4867-BE5C-DB8958F5E1B3}.Release|Any CPU.Build.0 = Release|Any CPU
		{903CE537-66BF-4867-BE5C-DB8958F5E1B3}.Release|Mixed Platforms.ActiveCfg = Release|Any CPU
		{903CE537-66BF-4867-BE5C-DB8958F5E1B3}.Release|Mixed Platforms.Build.0 = Release|Any CPU
		{903CE537-66BF-4867-BE5C-DB8958F5E1B3}.Release|x86.ActiveCfg = Release|Any CPU
		{EE5D79D6-D196-4345-A271-DC2E79E26DDA}.Debug|Any CPU.ActiveCfg = Debug|Any CPU
		{EE5D79D6-D196-4345-A271-DC2E79E26DDA}.Debug|Any CPU.Build.0 = Debug|Any CPU
		{EE5D79D6-D196-4345-A271-DC2E79E26DDA}.Debug|Mixed Platforms.ActiveCfg = Debug|Any CPU
		{EE5D79D6-D196-4345-A271-DC2E79E26DDA}.Debug|Mixed Platforms.Build.0 = Debug|Any CPU
		{EE5D79D6-D196-4345-A271-DC2E79E26DDA}.Debug|x86.ActiveCfg = Debug|Any CPU
		{EE5D79D6-D196-4345-A271-DC2E79E26DDA}.Release|Any CPU.ActiveCfg = Release|Any CPU
		{EE5D79D6-D196-4345-A271-DC2E79E26DDA}.Release|Any CPU.Build.0 = Release|Any CPU
		{EE5D79D6-D196-4345-A271-DC2E79E26DDA}.Release|Mixed Platforms.ActiveCfg = Release|Any CPU
		{EE5D79D6-D196-4345-A271-DC2E79E26DDA}.Release|Mixed Platforms.Build.0 = Release|Any CPU
		{EE5D79D6-D196-4345-A271-DC2E79E26DDA}.Release|x86.ActiveCfg = Release|Any CPU
		{F820EB5A-BBFD-46AD-9EEB-3DFE8D1D7BE7}.Debug|Any CPU.ActiveCfg = Debug|Any CPU
		{F820EB5A-BBFD-46AD-9EEB-3DFE8D1D7BE7}.Debug|Any CPU.Build.0 = Debug|Any CPU
		{F820EB5A-BBFD-46AD-9EEB-3DFE8D1D7BE7}.Debug|Mixed Platforms.ActiveCfg = Debug|Any CPU
		{F820EB5A-BBFD-46AD-9EEB-3DFE8D1D7BE7}.Debug|Mixed Platforms.Build.0 = Debug|Any CPU
		{F820EB5A-BBFD-46AD-9EEB-3DFE8D1D7BE7}.Debug|x86.ActiveCfg = Debug|Any CPU
		{F820EB5A-BBFD-46AD-9EEB-3DFE8D1D7BE7}.Debug|x86.Build.0 = Debug|Any CPU
		{F820EB5A-BBFD-46AD-9EEB-3DFE8D1D7BE7}.Release|Any CPU.ActiveCfg = Release|Any CPU
		{F820EB5A-BBFD-46AD-9EEB-3DFE8D1D7BE7}.Release|Any CPU.Build.0 = Release|Any CPU
		{F820EB5A-BBFD-46AD-9EEB-3DFE8D1D7BE7}.Release|Mixed Platforms.ActiveCfg = Release|Any CPU
		{F820EB5A-BBFD-46AD-9EEB-3DFE8D1D7BE7}.Release|Mixed Platforms.Build.0 = Release|Any CPU
		{F820EB5A-BBFD-46AD-9EEB-3DFE8D1D7BE7}.Release|x86.ActiveCfg = Release|Any CPU
		{F820EB5A-BBFD-46AD-9EEB-3DFE8D1D7BE7}.Release|x86.Build.0 = Release|Any CPU
		{B0B7E2D8-DB84-483D-ADED-1997D59A1B84}.Debug|Any CPU.ActiveCfg = Debug|Any CPU
		{B0B7E2D8-DB84-483D-ADED-1997D59A1B84}.Debug|Any CPU.Build.0 = Debug|Any CPU
		{B0B7E2D8-DB84-483D-ADED-1997D59A1B84}.Debug|Mixed Platforms.ActiveCfg = Debug|Any CPU
		{B0B7E2D8-DB84-483D-ADED-1997D59A1B84}.Debug|Mixed Platforms.Build.0 = Debug|Any CPU
		{B0B7E2D8-DB84-483D-ADED-1997D59A1B84}.Debug|x86.ActiveCfg = Debug|Any CPU
		{B0B7E2D8-DB84-483D-ADED-1997D59A1B84}.Release|Any CPU.ActiveCfg = Release|Any CPU
		{B0B7E2D8-DB84-483D-ADED-1997D59A1B84}.Release|Any CPU.Build.0 = Release|Any CPU
		{B0B7E2D8-DB84-483D-ADED-1997D59A1B84}.Release|Mixed Platforms.ActiveCfg = Release|Any CPU
		{B0B7E2D8-DB84-483D-ADED-1997D59A1B84}.Release|Mixed Platforms.Build.0 = Release|Any CPU
		{B0B7E2D8-DB84-483D-ADED-1997D59A1B84}.Release|x86.ActiveCfg = Release|Any CPU
	EndGlobalSection
	GlobalSection(SolutionProperties) = preSolution
		HideSolutionNode = FALSE
	EndGlobalSection
	GlobalSection(ExtensibilityGlobals) = postSolution
		SolutionGuid = {51489899-7F51-4CF7-908F-5F40E92AA1A9}
	EndGlobalSection
EndGlobal
